// !$*UTF8*$!
{
	archiveVersion = 1;
	classes = {
	};
	objectVersion = 48;
	objects = {

/* Begin PBXBuildFile section */
		957931101FAC45E3007492E5 /* AppDelegate.m in Sources */ = {isa = PBXBuildFile; fileRef = 9579310F1FAC45E3007492E5 /* AppDelegate.m */; };
		957931131FAC45E3007492E5 /* ViewController.m in Sources */ = {isa = PBXBuildFile; fileRef = 957931121FAC45E3007492E5 /* ViewController.m */; };
		957931161FAC45E3007492E5 /* Main.storyboard in Resources */ = {isa = PBXBuildFile; fileRef = 957931141FAC45E3007492E5 /* Main.storyboard */; };
		957931181FAC45E3007492E5 /* Assets.xcassets in Resources */ = {isa = PBXBuildFile; fileRef = 957931171FAC45E3007492E5 /* Assets.xcassets */; };
		9579311B1FAC45E3007492E5 /* LaunchScreen.storyboard in Resources */ = {isa = PBXBuildFile; fileRef = 957931191FAC45E3007492E5 /* LaunchScreen.storyboard */; };
		9579311E1FAC45E3007492E5 /* main.m in Sources */ = {isa = PBXBuildFile; fileRef = 9579311D1FAC45E3007492E5 /* main.m */; };
		957931281FAC45E3007492E5 /* AddAndReduceDemoTests.m in Sources */ = {isa = PBXBuildFile; fileRef = 957931271FAC45E3007492E5 /* AddAndReduceDemoTests.m */; };
		957931331FAC45E3007492E5 /* AddAndReduceDemoUITests.m in Sources */ = {isa = PBXBuildFile; fileRef = 957931321FAC45E3007492E5 /* AddAndReduceDemoUITests.m */; };
		957931461FAC4E48007492E5 /* AddScoreAnimationView.xib in Resources */ = {isa = PBXBuildFile; fileRef = 957931421FAC462A007492E5 /* AddScoreAnimationView.xib */; };
		957931481FAC4FB5007492E5 /* AddScoreAnimationView.m in Sources */ = {isa = PBXBuildFile; fileRef = 957931431FAC462A007492E5 /* AddScoreAnimationView.m */; };
		957931491FAC4FB5007492E5 /* AddScoreAnimationView.xib in Sources */ = {isa = PBXBuildFile; fileRef = 957931421FAC462A007492E5 /* AddScoreAnimationView.xib */; };
		9579314B1FAC4FB5007492E5 /* YSWaterWaveView.m in Sources */ = {isa = PBXBuildFile; fileRef = 957931441FAC467E007492E5 /* YSWaterWaveView.m */; };
/* End PBXBuildFile section */

/* Begin PBXContainerItemProxy section */
		957931241FAC45E3007492E5 /* PBXContainerItemProxy */ = {
			isa = PBXContainerItemProxy;
			containerPortal = 957931031FAC45E3007492E5 /* Project object */;
			proxyType = 1;
			remoteGlobalIDString = 9579310A1FAC45E3007492E5;
			remoteInfo = AddAndReduceDemo;
		};
		9579312F1FAC45E3007492E5 /* PBXContainerItemProxy */ = {
			isa = PBXContainerItemProxy;
			containerPortal = 957931031FAC45E3007492E5 /* Project object */;
			proxyType = 1;
			remoteGlobalIDString = 9579310A1FAC45E3007492E5;
			remoteInfo = AddAndReduceDemo;
		};
/* End PBXContainerItemProxy section */

/* Begin PBXFileReference section */
		9579310B1FAC45E3007492E5 /* AddAndReduceDemo.app */ = {isa = PBXFileReference; explicitFileType = wrapper.application; includeInIndex = 0; path = AddAndReduceDemo.app; sourceTree = BUILT_PRODUCTS_DIR; };
		9579310E1FAC45E3007492E5 /* AppDelegate.h */ = {isa = PBXFileReference; lastKnownFileType = sourcecode.c.h; path = AppDelegate.h; sourceTree = "<group>"; };
		9579310F1FAC45E3007492E5 /* AppDelegate.m */ = {isa = PBXFileReference; lastKnownFileType = sourcecode.c.objc; path = AppDelegate.m; sourceTree = "<group>"; };
		957931111FAC45E3007492E5 /* ViewController.h */ = {isa = PBXFileReference; lastKnownFileType = sourcecode.c.h; path = ViewController.h; sourceTree = "<group>"; };
		957931121FAC45E3007492E5 /* ViewController.m */ = {isa = PBXFileReference; lastKnownFileType = sourcecode.c.objc; path = ViewController.m; sourceTree = "<group>"; };
		957931151FAC45E3007492E5 /* Base */ = {isa = PBXFileReference; lastKnownFileType = file.storyboard; name = Base; path = Base.lproj/Main.storyboard; sourceTree = "<group>"; };
		957931171FAC45E3007492E5 /* Assets.xcassets */ = {isa = PBXFileReference; lastKnownFileType = folder.assetcatalog; path = Assets.xcassets; sourceTree = "<group>"; };
		9579311A1FAC45E3007492E5 /* Base */ = {isa = PBXFileReference; lastKnownFileType = file.storyboard; name = Base; path = Base.lproj/LaunchScreen.storyboard; sourceTree = "<group>"; };
		9579311C1FAC45E3007492E5 /* Info.plist */ = {isa = PBXFileReference; lastKnownFileType = text.plist.xml; path = Info.plist; sourceTree = "<group>"; };
		9579311D1FAC45E3007492E5 /* main.m */ = {isa = PBXFileReference; lastKnownFileType = sourcecode.c.objc; path = main.m; sourceTree = "<group>"; };
		957931231FAC45E3007492E5 /* AddAndReduceDemoTests.xctest */ = {isa = PBXFileReference; explicitFileType = wrapper.cfbundle; includeInIndex = 0; path = AddAndReduceDemoTests.xctest; sourceTree = BUILT_PRODUCTS_DIR; };
		957931271FAC45E3007492E5 /* AddAndReduceDemoTests.m */ = {isa = PBXFileReference; lastKnownFileType = sourcecode.c.objc; path = AddAndReduceDemoTests.m; sourceTree = "<group>"; };
		957931291FAC45E3007492E5 /* Info.plist */ = {isa = PBXFileReference; lastKnownFileType = text.plist.xml; path = Info.plist; sourceTree = "<group>"; };
		9579312E1FAC45E3007492E5 /* AddAndReduceDemoUITests.xctest */ = {isa = PBXFileReference; explicitFileType = wrapper.cfbundle; includeInIndex = 0; path = AddAndReduceDemoUITests.xctest; sourceTree = BUILT_PRODUCTS_DIR; };
		957931321FAC45E3007492E5 /* AddAndReduceDemoUITests.m */ = {isa = PBXFileReference; lastKnownFileType = sourcecode.c.objc; path = AddAndReduceDemoUITests.m; sourceTree = "<group>"; };
		957931341FAC45E3007492E5 /* Info.plist */ = {isa = PBXFileReference; lastKnownFileType = text.plist.xml; path = Info.plist; sourceTree = "<group>"; };
		957931411FAC462A007492E5 /* AddScoreAnimationView.h */ = {isa = PBXFileReference; lastKnownFileType = sourcecode.c.h; path = AddScoreAnimationView.h; sourceTree = "<group>"; };
		957931421FAC462A007492E5 /* AddScoreAnimationView.xib */ = {isa = PBXFileReference; lastKnownFileType = file.xib; path = AddScoreAnimationView.xib; sourceTree = "<group>"; };
		957931431FAC462A007492E5 /* AddScoreAnimationView.m */ = {isa = PBXFileReference; lastKnownFileType = sourcecode.c.objc; path = AddScoreAnimationView.m; sourceTree = "<group>"; };
		957931441FAC467E007492E5 /* YSWaterWaveView.m */ = {isa = PBXFileReference; lastKnownFileType = sourcecode.c.objc; path = YSWaterWaveView.m; sourceTree = "<group>"; };
		957931451FAC467E007492E5 /* YSWaterWaveView.h */ = {isa = PBXFileReference; lastKnownFileType = sourcecode.c.h; path = YSWaterWaveView.h; sourceTree = "<group>"; };
/* End PBXFileReference section */

/* Begin PBXFrameworksBuildPhase section */
		957931081FAC45E3007492E5 /* Frameworks */ = {
			isa = PBXFrameworksBuildPhase;
			buildActionMask = 2147483647;
			files = (
			);
			runOnlyForDeploymentPostprocessing = 0;
		};
		957931201FAC45E3007492E5 /* Frameworks */ = {
			isa = PBXFrameworksBuildPhase;
			buildActionMask = 2147483647;
			files = (
			);
			runOnlyForDeploymentPostprocessing = 0;
		};
		9579312B1FAC45E3007492E5 /* Frameworks */ = {
			isa = PBXFrameworksBuildPhase;
			buildActionMask = 2147483647;
			files = (
			);
			runOnlyForDeploymentPostprocessing = 0;
		};
/* End PBXFrameworksBuildPhase section */

/* Begin PBXGroup section */
		957931021FAC45E3007492E5 = {
			isa = PBXGroup;
			children = (
				9579310D1FAC45E3007492E5 /* AddAndReduceDemo */,
				957931261FAC45E3007492E5 /* AddAndReduceDemoTests */,
				957931311FAC45E3007492E5 /* AddAndReduceDemoUITests */,
				9579310C1FAC45E3007492E5 /* Products */,
			);
			sourceTree = "<group>";
		};
		9579310C1FAC45E3007492E5 /* Products */ = {
			isa = PBXGroup;
			children = (
				9579310B1FAC45E3007492E5 /* AddAndReduceDemo.app */,
				957931231FAC45E3007492E5 /* AddAndReduceDemoTests.xctest */,
				9579312E1FAC45E3007492E5 /* AddAndReduceDemoUITests.xctest */,
			);
			name = Products;
			sourceTree = "<group>";
		};
		9579310D1FAC45E3007492E5 /* AddAndReduceDemo */ = {
			isa = PBXGroup;
			children = (
				957931401FAC4620007492E5 /* AddScoreAnimationView */,
				9579310E1FAC45E3007492E5 /* AppDelegate.h */,
				9579310F1FAC45E3007492E5 /* AppDelegate.m */,
				957931111FAC45E3007492E5 /* ViewController.h */,
				957931121FAC45E3007492E5 /* ViewController.m */,
				957931141FAC45E3007492E5 /* Main.storyboard */,
				957931171FAC45E3007492E5 /* Assets.xcassets */,
				957931191FAC45E3007492E5 /* LaunchScreen.storyboard */,
				9579311C1FAC45E3007492E5 /* Info.plist */,
				9579311D1FAC45E3007492E5 /* main.m */,
			);
			path = AddAndReduceDemo;
			sourceTree = "<group>";
		};
		957931261FAC45E3007492E5 /* AddAndReduceDemoTests */ = {
			isa = PBXGroup;
			children = (
				957931271FAC45E3007492E5 /* AddAndReduceDemoTests.m */,
				957931291FAC45E3007492E5 /* Info.plist */,
			);
			path = AddAndReduceDemoTests;
			sourceTree = "<group>";
		};
		957931311FAC45E3007492E5 /* AddAndReduceDemoUITests */ = {
			isa = PBXGroup;
			children = (
				957931321FAC45E3007492E5 /* AddAndReduceDemoUITests.m */,
				957931341FAC45E3007492E5 /* Info.plist */,
			);
			path = AddAndReduceDemoUITests;
			sourceTree = "<group>";
		};
		957931401FAC4620007492E5 /* AddScoreAnimationView */ = {
			isa = PBXGroup;
			children = (
				957931411FAC462A007492E5 /* AddScoreAnimationView.h */,
				957931431FAC462A007492E5 /* AddScoreAnimationView.m */,
				957931421FAC462A007492E5 /* AddScoreAnimationView.xib */,
				957931451FAC467E007492E5 /* YSWaterWaveView.h */,
				957931441FAC467E007492E5 /* YSWaterWaveView.m */,
			);
			path = AddScoreAnimationView;
			sourceTree = "<group>";
		};
/* End PBXGroup section */

/* Begin PBXNativeTarget section */
		9579310A1FAC45E3007492E5 /* AddAndReduceDemo */ = {
			isa = PBXNativeTarget;
			buildConfigurationList = 957931371FAC45E3007492E5 /* Build configuration list for PBXNativeTarget "AddAndReduceDemo" */;
			buildPhases = (
				957931071FAC45E3007492E5 /* Sources */,
				957931081FAC45E3007492E5 /* Frameworks */,
				957931091FAC45E3007492E5 /* Resources */,
			);
			buildRules = (
			);
			dependencies = (
			);
			name = AddAndReduceDemo;
			productName = AddAndReduceDemo;
			productReference = 9579310B1FAC45E3007492E5 /* AddAndReduceDemo.app */;
			productType = "com.apple.product-type.application";
		};
		957931221FAC45E3007492E5 /* AddAndReduceDemoTests */ = {
			isa = PBXNativeTarget;
			buildConfigurationList = 9579313A1FAC45E3007492E5 /* Build configuration list for PBXNativeTarget "AddAndReduceDemoTests" */;
			buildPhases = (
				9579311F1FAC45E3007492E5 /* Sources */,
				957931201FAC45E3007492E5 /* Frameworks */,
				957931211FAC45E3007492E5 /* Resources */,
			);
			buildRules = (
			);
			dependencies = (
				957931251FAC45E3007492E5 /* PBXTargetDependency */,
			);
			name = AddAndReduceDemoTests;
			productName = AddAndReduceDemoTests;
			productReference = 957931231FAC45E3007492E5 /* AddAndReduceDemoTests.xctest */;
			productType = "com.apple.product-type.bundle.unit-test";
		};
		9579312D1FAC45E3007492E5 /* AddAndReduceDemoUITests */ = {
			isa = PBXNativeTarget;
			buildConfigurationList = 9579313D1FAC45E3007492E5 /* Build configuration list for PBXNativeTarget "AddAndReduceDemoUITests" */;
			buildPhases = (
				9579312A1FAC45E3007492E5 /* Sources */,
				9579312B1FAC45E3007492E5 /* Frameworks */,
				9579312C1FAC45E3007492E5 /* Resources */,
			);
			buildRules = (
			);
			dependencies = (
				957931301FAC45E3007492E5 /* PBXTargetDependency */,
			);
			name = AddAndReduceDemoUITests;
			productName = AddAndReduceDemoUITests;
			productReference = 9579312E1FAC45E3007492E5 /* AddAndReduceDemoUITests.xctest */;
			productType = "com.apple.product-type.bundle.ui-testing";
		};
/* End PBXNativeTarget section */

/* Begin PBXProject section */
		957931031FAC45E3007492E5 /* Project object */ = {
			isa = PBXProject;
			attributes = {
				LastUpgradeCheck = 0900;
				ORGANIZATIONNAME = csda_Chinadance;
				TargetAttributes = {
					9579310A1FAC45E3007492E5 = {
						CreatedOnToolsVersion = 9.0;
						ProvisioningStyle = Automatic;
					};
					957931221FAC45E3007492E5 = {
						CreatedOnToolsVersion = 9.0;
						ProvisioningStyle = Automatic;
						TestTargetID = 9579310A1FAC45E3007492E5;
					};
					9579312D1FAC45E3007492E5 = {
						CreatedOnToolsVersion = 9.0;
						ProvisioningStyle = Automatic;
						TestTargetID = 9579310A1FAC45E3007492E5;
					};
				};
			};
			buildConfigurationList = 957931061FAC45E3007492E5 /* Build configuration list for PBXProject "AddAndReduceDemo" */;
			compatibilityVersion = "Xcode 8.0";
			developmentRegion = en;
			hasScannedForEncodings = 0;
			knownRegions = (
				en,
				Base,
			);
			mainGroup = 957931021FAC45E3007492E5;
			productRefGroup = 9579310C1FAC45E3007492E5 /* Products */;
			projectDirPath = "";
			projectRoot = "";
			targets = (
				9579310A1FAC45E3007492E5 /* AddAndReduceDemo */,
				957931221FAC45E3007492E5 /* AddAndReduceDemoTests */,
				9579312D1FAC45E3007492E5 /* AddAndReduceDemoUITests */,
			);
		};
/* End PBXProject section */

/* Begin PBXResourcesBuildPhase section */
		957931091FAC45E3007492E5 /* Resources */ = {
			isa = PBXResourcesBuildPhase;
			buildActionMask = 2147483647;
			files = (
				9579311B1FAC45E3007492E5 /* LaunchScreen.storyboard in Resources */,
				957931181FAC45E3007492E5 /* Assets.xcassets in Resources */,
				957931461FAC4E48007492E5 /* AddScoreAnimationView.xib in Resources */,
				957931161FAC45E3007492E5 /* Main.storyboard in Resources */,
			);
			runOnlyForDeploymentPostprocessing = 0;
		};
		957931211FAC45E3007492E5 /* Resources */ = {
			isa = PBXResourcesBuildPhase;
			buildActionMask = 2147483647;
			files = (
			);
			runOnlyForDeploymentPostprocessing = 0;
		};
		9579312C1FAC45E3007492E5 /* Resources */ = {
			isa = PBXResourcesBuildPhase;
			buildActionMask = 2147483647;
			files = (
			);
			runOnlyForDeploymentPostprocessing = 0;
		};
/* End PBXResourcesBuildPhase section */

/* Begin PBXSourcesBuildPhase section */
		957931071FAC45E3007492E5 /* Sources */ = {
			isa = PBXSourcesBuildPhase;
			buildActionMask = 2147483647;
			files = (
				957931481FAC4FB5007492E5 /* AddScoreAnimationView.m in Sources */,
				957931491FAC4FB5007492E5 /* AddScoreAnimationView.xib in Sources */,
				9579314B1FAC4FB5007492E5 /* YSWaterWaveView.m in Sources */,
				957931131FAC45E3007492E5 /* ViewController.m in Sources */,
				9579311E1FAC45E3007492E5 /* main.m in Sources */,
				957931101FAC45E3007492E5 /* AppDelegate.m in Sources */,
			);
			runOnlyForDeploymentPostprocessing = 0;
		};
		9579311F1FAC45E3007492E5 /* Sources */ = {
			isa = PBXSourcesBuildPhase;
			buildActionMask = 2147483647;
			files = (
				957931281FAC45E3007492E5 /* AddAndReduceDemoTests.m in Sources */,
			);
			runOnlyForDeploymentPostprocessing = 0;
		};
		9579312A1FAC45E3007492E5 /* Sources */ = {
			isa = PBXSourcesBuildPhase;
			buildActionMask = 2147483647;
			files = (
				957931331FAC45E3007492E5 /* AddAndReduceDemoUITests.m in Sources */,
			);
			runOnlyForDeploymentPostprocessing = 0;
		};
/* End PBXSourcesBuildPhase section */

/* Begin PBXTargetDependency section */
		957931251FAC45E3007492E5 /* PBXTargetDependency */ = {
			isa = PBXTargetDependency;
			target = 9579310A1FAC45E3007492E5 /* AddAndReduceDemo */;
			targetProxy = 957931241FAC45E3007492E5 /* PBXContainerItemProxy */;
		};
		957931301FAC45E3007492E5 /* PBXTargetDependency */ = {
			isa = PBXTargetDependency;
			target = 9579310A1FAC45E3007492E5 /* AddAndReduceDemo */;
			targetProxy = 9579312F1FAC45E3007492E5 /* PBXContainerItemProxy */;
		};
/* End PBXTargetDependency section */

/* Begin PBXVariantGroup section */
		957931141FAC45E3007492E5 /* Main.storyboard */ = {
			isa = PBXVariantGroup;
			children = (
				957931151FAC45E3007492E5 /* Base */,
			);
			name = Main.storyboard;
			sourceTree = "<group>";
		};
		957931191FAC45E3007492E5 /* LaunchScreen.storyboard */ = {
			isa = PBXVariantGroup;
			children = (
				9579311A1FAC45E3007492E5 /* Base */,
			);
			name = LaunchScreen.storyboard;
			sourceTree = "<group>";
		};
/* End PBXVariantGroup section */

/* Begin XCBuildConfiguration section */
		957931351FAC45E3007492E5 /* Debug */ = {
			isa = XCBuildConfiguration;
			buildSettings = {
				ALWAYS_SEARCH_USER_PATHS = NO;
				CLANG_ANALYZER_NONNULL = YES;
				CLANG_ANALYZER_NUMBER_OBJECT_CONVERSION = YES_AGGRESSIVE;
				CLANG_CXX_LANGUAGE_STANDARD = "gnu++14";
				CLANG_CXX_LIBRARY = "libc++";
				CLANG_ENABLE_MODULES = YES;
				CLANG_ENABLE_OBJC_ARC = YES;
				CLANG_WARN_BLOCK_CAPTURE_AUTORELEASING = YES;
				CLANG_WARN_BOOL_CONVERSION = YES;
				CLANG_WARN_COMMA = YES;
				CLANG_WARN_CONSTANT_CONVERSION = YES;
				CLANG_WARN_DIRECT_OBJC_ISA_USAGE = YES_ERROR;
				CLANG_WARN_DOCUMENTATION_COMMENTS = YES;
				CLANG_WARN_EMPTY_BODY = YES;
				CLANG_WARN_ENUM_CONVERSION = YES;
				CLANG_WARN_INFINITE_RECURSION = YES;
				CLANG_WARN_INT_CONVERSION = YES;
				CLANG_WARN_NON_LITERAL_NULL_CONVERSION = YES;
				CLANG_WARN_OBJC_LITERAL_CONVERSION = YES;
				CLANG_WARN_OBJC_ROOT_CLASS = YES_ERROR;
				CLANG_WARN_RANGE_LOOP_ANALYSIS = YES;
				CLANG_WARN_STRICT_PROTOTYPES = YES;
				CLANG_WARN_SUSPICIOUS_MOVE = YES;
				CLANG_WARN_UNGUARDED_AVAILABILITY = YES_AGGRESSIVE;
				CLANG_WARN_UNREACHABLE_CODE = YES;
				CLANG_WARN__DUPLICATE_METHOD_MATCH = YES;
				CODE_SIGN_IDENTITY = "iPhone Developer";
				COPY_PHASE_STRIP = NO;
				DEBUG_INFORMATION_FORMAT = dwarf;
				ENABLE_STRICT_OBJC_MSGSEND = YES;
				ENABLE_TESTABILITY = YES;
				GCC_C_LANGUAGE_STANDARD = gnu11;
				GCC_DYNAMIC_NO_PIC = NO;
				GCC_NO_COMMON_BLOCKS = YES;
				GCC_OPTIMIZATION_LEVEL = 0;
				GCC_PREPROCESSOR_DEFINITIONS = (
					"DEBUG=1",
					"$(inherited)",
				);
				GCC_WARN_64_TO_32_BIT_CONVERSION = YES;
				GCC_WARN_ABOUT_RETURN_TYPE = YES_ERROR;
				GCC_WARN_UNDECLARED_SELECTOR = YES;
				GCC_WARN_UNINITIALIZED_AUTOS = YES_AGGRESSIVE;
				GCC_WARN_UNUSED_FUNCTION = YES;
				GCC_WARN_UNUSED_VARIABLE = YES;
				IPHONEOS_DEPLOYMENT_TARGET = 11.0;
				MTL_ENABLE_DEBUG_INFO = YES;
				ONLY_ACTIVE_ARCH = YES;
				SDKROOT = iphoneos;
			};
			name = Debug;
		};
		957931361FAC45E3007492E5 /* Release */ = {
			isa = XCBuildConfiguration;
			buildSettings = {
				ALWAYS_SEARCH_USER_PATHS = NO;
				CLANG_ANALYZER_NONNULL = YES;
				CLANG_ANALYZER_NUMBER_OBJECT_CONVERSION = YES_AGGRESSIVE;
				CLANG_CXX_LANGUAGE_STANDARD = "gnu++14";
				CLANG_CXX_LIBRARY = "libc++";
				CLANG_ENABLE_MODULES = YES;
				CLANG_ENABLE_OBJC_ARC = YES;
				CLANG_WARN_BLOCK_CAPTURE_AUTORELEASING = YES;
				CLANG_WARN_BOOL_CONVERSION = YES;
				CLANG_WARN_COMMA = YES;
				CLANG_WARN_CONSTANT_CONVERSION = YES;
				CLANG_WARN_DIRECT_OBJC_ISA_USAGE = YES_ERROR;
				CLANG_WARN_DOCUMENTATION_COMMENTS = YES;
				CLANG_WARN_EMPTY_BODY = YES;
				CLANG_WARN_ENUM_CONVERSION = YES;
				CLANG_WARN_INFINITE_RECURSION = YES;
				CLANG_WARN_INT_CONVERSION = YES;
				CLANG_WARN_NON_LITERAL_NULL_CONVERSION = YES;
				CLANG_WARN_OBJC_LITERAL_CONVERSION = YES;
				CLANG_WARN_OBJC_ROOT_CLASS = YES_ERROR;
				CLANG_WARN_RANGE_LOOP_ANALYSIS = YES;
				CLANG_WARN_STRICT_PROTOTYPES = YES;
				CLANG_WARN_SUSPICIOUS_MOVE = YES;
				CLANG_WARN_UNGUARDED_AVAILABILITY = YES_AGGRESSIVE;
				CLANG_WARN_UNREACHABLE_CODE = YES;
				CLANG_WARN__DUPLICATE_METHOD_MATCH = YES;
				CODE_SIGN_IDENTITY = "iPhone Developer";
				COPY_PHASE_STRIP = NO;
				DEBUG_INFORMATION_FORMAT = "dwarf-with-dsym";
				ENABLE_NS_ASSERTIONS = NO;
				ENABLE_STRICT_OBJC_MSGSEND = YES;
				GCC_C_LANGUAGE_STANDARD = gnu11;
				GCC_NO_COMMON_BLOCKS = YES;
				GCC_WARN_64_TO_32_BIT_CONVERSION = YES;
				GCC_WARN_ABOUT_RETURN_TYPE = YES_ERROR;
				GCC_WARN_UNDECLARED_SELECTOR = YES;
				GCC_WARN_UNINITIALIZED_AUTOS = YES_AGGRESSIVE;
				GCC_WARN_UNUSED_FUNCTION = YES;
				GCC_WARN_UNUSED_VARIABLE = YES;
				IPHONEOS_DEPLOYMENT_TARGET = 11.0;
				MTL_ENABLE_DEBUG_INFO = NO;
				SDKROOT = iphoneos;
				VALIDATE_PRODUCT = YES;
			};
			name = Release;
		};
		957931381FAC45E3007492E5 /* Debug */ = {
			isa = XCBuildConfiguration;
			buildSettings = {
				ASSETCATALOG_COMPILER_APPICON_NAME = AppIcon;
				CODE_SIGN_STYLE = Automatic;
				DEVELOPMENT_TEAM = SEWBU2EJ25;
				INFOPLIST_FILE = AddAndReduceDemo/Info.plist;
				LD_RUNPATH_SEARCH_PATHS = "$(inherited) @executable_path/Frameworks";
				PRODUCT_BUNDLE_IDENTIFIER = "it-zhongwu.AddAndReduceDemo";
				PRODUCT_NAME = "$(TARGET_NAME)";
				TARGETED_DEVICE_FAMILY = "1,2";
			};
			name = Debug;
		};
		957931391FAC45E3007492E5 /* Release */ = {
			isa = XCBuildConfiguration;
			buildSettings = {
				ASSETCATALOG_COMPILER_APPICON_NAME = AppIcon;
				CODE_SIGN_STYLE = Automatic;
				DEVELOPMENT_TEAM = SEWBU2EJ25;
				INFOPLIST_FILE = AddAndReduceDemo/Info.plist;
				LD_RUNPATH_SEARCH_PATHS = "$(inherited) @executable_path/Frameworks";
				PRODUCT_BUNDLE_IDENTIFIER = "it-zhongwu.AddAndReduceDemo";
				PRODUCT_NAME = "$(TARGET_NAME)";
				TARGETED_DEVICE_FAMILY = "1,2";
			};
			name = Release;
		};
		9579313B1FAC45E3007492E5 /* Debug */ = {
			isa = XCBuildConfiguration;
			buildSettings = {
				BUNDLE_LOADER = "$(TEST_HOST)";
				CODE_SIGN_STYLE = Automatic;
				DEVELOPMENT_TEAM = SEWBU2EJ25;
				INFOPLIST_FILE = AddAndReduceDemoTests/Info.plist;
				LD_RUNPATH_SEARCH_PATHS = "$(inherited) @executable_path/Frameworks @loader_path/Frameworks";
				PRODUCT_BUNDLE_IDENTIFIER = "it-zhongwu.AddAndReduceDemoTests";
				PRODUCT_NAME = "$(TARGET_NAME)";
				TARGETED_DEVICE_FAMILY = "1,2";
				TEST_HOST = "$(BUILT_PRODUCTS_DIR)/AddAndReduceDemo.app/AddAndReduceDemo";
			};
			name = Debug;
		};
		9579313C1FAC45E3007492E5 /* Release */ = {
			isa = XCBuildConfiguration;
			buildSettings = {
				BUNDLE_LOADER = "$(TEST_HOST)";
				CODE_SIGN_STYLE = Automatic;
				DEVELOPMENT_TEAM = SEWBU2EJ25;
				INFOPLIST_FILE = AddAndReduceDemoTests/Info.plist;
				LD_RUNPATH_SEARCH_PATHS = "$(inherited) @executable_path/Frameworks @loader_path/Frameworks";
				PRODUCT_BUNDLE_IDENTIFIER = "it-zhongwu.AddAndReduceDemoTests";
				PRODUCT_NAME = "$(TARGET_NAME)";
				TARGETED_DEVICE_FAMILY = "1,2";
				TEST_HOST = "$(BUILT_PRODUCTS_DIR)/AddAndReduceDemo.app/AddAndReduceDemo";
			};
			name = Release;
		};
		9579313E1FAC45E3007492E5 /* Debug */ = {
			isa = XCBuildConfiguration;
			buildSettings = {
				CODE_SIGN_STYLE = Automatic;
				DEVELOPMENT_TEAM = SEWBU2EJ25;
				INFOPLIST_FILE = AddAndReduceDemoUITests/Info.plist;
				LD_RUNPATH_SEARCH_PATHS = "$(inherited) @executable_path/Frameworks @loader_path/Frameworks";
				PRODUCT_BUNDLE_IDENTIFIER = "it-zhongwu.AddAndReduceDemoUITests";
				PRODUCT_NAME = "$(TARGET_NAME)";
				TARGETED_DEVICE_FAMILY = "1,2";
				TEST_TARGET_NAME = AddAndReduceDemo;
			};
			name = Debug;
		};
		9579313F1FAC45E3007492E5 /* Release */ = {
			isa = XCBuildConfiguration;
			buildSettings = {
				CODE_SIGN_STYLE = Automatic;
				DEVELOPMENT_TEAM = SEWBU2EJ25;
				INFOPLIST_FILE = AddAndReduceDemoUITests/Info.plist;
				LD_RUNPATH_SEARCH_PATHS = "$(inherited) @executable_path/Frameworks @loader_path/Frameworks";
				PRODUCT_BUNDLE_IDENTIFIER = "it-zhongwu.AddAndReduceDemoUITests";
				PRODUCT_NAME = "$(TARGET_NAME)";
				TARGETED_DEVICE_FAMILY = "1,2";
				TEST_TARGET_NAME = AddAndReduceDemo;
			};
			name = Release;
		};
/* End XCBuildConfiguration section */

/* Begin XCConfigurationList section */
		957931061FAC45E3007492E5 /* Build configuration list for PBXProject "AddAndReduceDemo" */ = {
			isa = XCConfigurationList;
			buildConfigurations = (
				957931351FAC45E3007492E5 /* Debug */,
				957931361FAC45E3007492E5 /* Release */,
			);
			defaultConfigurationIsVisible = 0;
			defaultConfigurationName = Release;
		};
		957931371FAC45E3007492E5 /* Build configuration list for PBXNativeTarget "AddAndReduceDemo" */ = {
			isa = XCConfigurationList;
			buildConfigurations = (
				957931381FAC45E3007492E5 /* Debug */,
				957931391FAC45E3007492E5 /* Release */,
			);
			defaultConfigurationIsVisible = 0;
			defaultConfigurationName = Release;
		};
		9579313A1FAC45E3007492E5 /* Build configuration list for PBXNativeTarget "AddAndReduceDemoTests" */ = {
			isa = XCConfigurationList;
			buildConfigurations = (
				9579313B1FAC45E3007492E5 /* Debug */,
				9579313C1FAC45E3007492E5 /* Release */,
			);
			defaultConfigurationIsVisible = 0;
			defaultConfigurationName = Release;
		};
		9579313D1FAC45E3007492E5 /* Build configuration list for PBXNativeTarget "AddAndReduceDemoUITests" */ = {
			isa = XCConfigurationList;
			buildConfigurations = (
				9579313E1FAC45E3007492E5 /* Debug */,
				9579313F1FAC45E3007492E5 /* Release */,
			);
			defaultConfigurationIsVisible = 0;
			defaultConfigurationName = Release;
		};
/* End XCConfigurationList section */
	};
	rootObject = 957931031FAC45E3007492E5 /* Project object */;
}
